
Microsoft Visual Studio Solution File, Format Version 12.00
# Visual Studio Version 17
VisualStudioVersion = 17.3.32922.545
MinimumVisualStudioVersion = 10.0.40219.1
Project("{2150E333-8FDC-42A3-9474-1A3956D46DE8}") = "SolutionItems", "SolutionItems", "{6033E603-B619-43C9-A3B6-E6DFEA2E3862}"
	ProjectSection(SolutionItems) = preProject
		SolutionItems\doc.txt = SolutionItems\doc.txt
	EndProjectSection
EndProject
Project("{2150E333-8FDC-42A3-9474-1A3956D46DE8}") = "src", "src", "{7F153081-C7D4-42D6-86E5-421B16A5B0EB}"
EndProject
Project("{2150E333-8FDC-42A3-9474-1A3956D46DE8}") = "2. Application", "2. Application", "{67E43259-2E44-4AA4-868C-12B51DF1EF67}"
EndProject
Project("{2150E333-8FDC-42A3-9474-1A3956D46DE8}") = "1. Domain", "1. Domain", "{62D6FEF5-AB9D-4FAD-80A2-208B39768DFE}"
EndProject
Project("{2150E333-8FDC-42A3-9474-1A3956D46DE8}") = "3. Infrastructure", "3. Infrastructure", "{A412B259-3E7C-4DCA-89B3-C631E063667E}"
EndProject
Project("{2150E333-8FDC-42A3-9474-1A3956D46DE8}") = "4. Host", "4. Host", "{2A0C93DC-79F7-49E8-AF60-767907032735}"
EndProject
Project("{2150E333-8FDC-42A3-9474-1A3956D46DE8}") = "0. Common", "0. Common", "{F99AC32B-D08C-4D28-A193-B09D2F427FEA}"
EndProject
Project("{9A19103F-16F7-4668-BE54-9A1E7A4F7556}") = "PhotoManagementPlatform.IoC", "PhotoManagementPlatform.IoC\PhotoManagementPlatform.IoC.csproj", "{A61337F1-1A3C-4D1F-A03E-634114C4DB31}"
EndProject
Project("{9A19103F-16F7-4668-BE54-9A1E7A4F7556}") = "PhotoManagementPlatform.Domain", "PhotoManagementPlatform.Domain\PhotoManagementPlatform.Domain.csproj", "{088CD344-F0C4-4273-B9E3-C93FE1671B12}"
EndProject
Project("{9A19103F-16F7-4668-BE54-9A1E7A4F7556}") = "PhotoManagementPlatform.Application", "PhotoManagementPlatform.Application\PhotoManagementPlatform.Application.csproj", "{8C12CA90-6BF4-43E5-9565-CEE0A90074B6}"
EndProject
Project("{9A19103F-16F7-4668-BE54-9A1E7A4F7556}") = "PhotoManagementPlatform.API", "PhotoManagementPlatform.API\PhotoManagementPlatform.API.csproj", "{0EE26C7F-432E-4E50-9EF8-73D74691861C}"
EndProject
Project("{FAE04EC0-301F-11D3-BF4B-00C04F79EFBC}") = "Common", "Common\Common.csproj", "{4D00055E-80D5-4E42-A0CA-EC5970450D8A}"
EndProject
Project("{FAE04EC0-301F-11D3-BF4B-00C04F79EFBC}") = "PhotoManagementPlatform.Infrastructure", "PhotoManagementPlatform.Infrastructure\PhotoManagementPlatform.Infrastructure.csproj", "{19AE8130-82BF-4DF5-9190-6E3FE4FA94EA}"
EndProject
Project("{FAE04EC0-301F-11D3-BF4B-00C04F79EFBC}") = "PhotoManagementPlatform.Persistence", "PhotoManagementPlatform.Persistence\PhotoManagementPlatform.Persistence.csproj", "{685A9E49-6B33-406E-8798-7E9F586D31E2}"
EndProject
Global
	GlobalSection(SolutionConfigurationPlatforms) = preSolution
		Debug|Any CPU = Debug|Any CPU
		Release|Any CPU = Release|Any CPU
	EndGlobalSection
	GlobalSection(ProjectConfigurationPlatforms) = postSolution
		{A61337F1-1A3C-4D1F-A03E-634114C4DB31}.Debug|Any CPU.ActiveCfg = Debug|Any CPU
		{A61337F1-1A3C-4D1F-A03E-634114C4DB31}.Debug|Any CPU.Build.0 = Debug|Any CPU
		{A61337F1-1A3C-4D1F-A03E-634114C4DB31}.Release|Any CPU.ActiveCfg = Release|Any CPU
		{A61337F1-1A3C-4D1F-A03E-634114C4DB31}.Release|Any CPU.Build.0 = Release|Any CPU
		{088CD344-F0C4-4273-B9E3-C93FE1671B12}.Debug|Any CPU.ActiveCfg = Debug|Any CPU
		{088CD344-F0C4-4273-B9E3-C93FE1671B12}.Debug|Any CPU.Build.0 = Debug|Any CPU
		{088CD344-F0C4-4273-B9E3-C93FE1671B12}.Release|Any CPU.ActiveCfg = Release|Any CPU
		{088CD344-F0C4-4273-B9E3-C93FE1671B12}.Release|Any CPU.Build.0 = Release|Any CPU
		{8C12CA90-6BF4-43E5-9565-CEE0A90074B6}.Debug|Any CPU.ActiveCfg = Debug|Any CPU
		{8C12CA90-6BF4-43E5-9565-CEE0A90074B6}.Debug|Any CPU.Build.0 = Debug|Any CPU
		{8C12CA90-6BF4-43E5-9565-CEE0A90074B6}.Release|Any CPU.ActiveCfg = Release|Any CPU
		{8C12CA90-6BF4-43E5-9565-CEE0A90074B6}.Release|Any CPU.Build.0 = Release|Any CPU
		{0EE26C7F-432E-4E50-9EF8-73D74691861C}.Debug|Any CPU.ActiveCfg = Debug|Any CPU
		{0EE26C7F-432E-4E50-9EF8-73D74691861C}.Debug|Any CPU.Build.0 = Debug|Any CPU
		{0EE26C7F-432E-4E50-9EF8-73D74691861C}.Release|Any CPU.ActiveCfg = Release|Any CPU
		{0EE26C7F-432E-4E50-9EF8-73D74691861C}.Release|Any CPU.Build.0 = Release|Any CPU
		{4D00055E-80D5-4E42-A0CA-EC5970450D8A}.Debug|Any CPU.ActiveCfg = Debug|Any CPU
		{4D00055E-80D5-4E42-A0CA-EC5970450D8A}.Debug|Any CPU.Build.0 = Debug|Any CPU
		{4D00055E-80D5-4E42-A0CA-EC5970450D8A}.Release|Any CPU.ActiveCfg = Release|Any CPU
		{4D00055E-80D5-4E42-A0CA-EC5970450D8A}.Release|Any CPU.Build.0 = Release|Any CPU
		{19AE8130-82BF-4DF5-9190-6E3FE4FA94EA}.Debug|Any CPU.ActiveCfg = Debug|Any CPU
		{19AE8130-82BF-4DF5-9190-6E3FE4FA94EA}.Debug|Any CPU.Build.0 = Debug|Any CPU
		{19AE8130-82BF-4DF5-9190-6E3FE4FA94EA}.Release|Any CPU.ActiveCfg = Release|Any CPU
		{19AE8130-82BF-4DF5-9190-6E3FE4FA94EA}.Release|Any CPU.Build.0 = Release|Any CPU
		{685A9E49-6B33-406E-8798-7E9F586D31E2}.Debug|Any CPU.ActiveCfg = Debug|Any CPU
		{685A9E49-6B33-406E-8798-7E9F586D31E2}.Debug|Any CPU.Build.0 = Debug|Any CPU
		{685A9E49-6B33-406E-8798-7E9F586D31E2}.Release|Any CPU.ActiveCfg = Release|Any CPU
		{685A9E49-6B33-406E-8798-7E9F586D31E2}.Release|Any CPU.Build.0 = Release|Any CPU
	EndGlobalSection
	GlobalSection(SolutionProperties) = preSolution
		HideSolutionNode = FALSE
	EndGlobalSection
	GlobalSection(NestedProjects) = preSolution
		{67E43259-2E44-4AA4-868C-12B51DF1EF67} = {7F153081-C7D4-42D6-86E5-421B16A5B0EB}
		{62D6FEF5-AB9D-4FAD-80A2-208B39768DFE} = {7F153081-C7D4-42D6-86E5-421B16A5B0EB}
		{A412B259-3E7C-4DCA-89B3-C631E063667E} = {7F153081-C7D4-42D6-86E5-421B16A5B0EB}
		{2A0C93DC-79F7-49E8-AF60-767907032735} = {7F153081-C7D4-42D6-86E5-421B16A5B0EB}
		{F99AC32B-D08C-4D28-A193-B09D2F427FEA} = {7F153081-C7D4-42D6-86E5-421B16A5B0EB}
		{A61337F1-1A3C-4D1F-A03E-634114C4DB31} = {67E43259-2E44-4AA4-868C-12B51DF1EF67}
		{088CD344-F0C4-4273-B9E3-C93FE1671B12} = {62D6FEF5-AB9D-4FAD-80A2-208B39768DFE}
		{8C12CA90-6BF4-43E5-9565-CEE0A90074B6} = {67E43259-2E44-4AA4-868C-12B51DF1EF67}
		{0EE26C7F-432E-4E50-9EF8-73D74691861C} = {2A0C93DC-79F7-49E8-AF60-767907032735}
		{4D00055E-80D5-4E42-A0CA-EC5970450D8A} = {F99AC32B-D08C-4D28-A193-B09D2F427FEA}
		{19AE8130-82BF-4DF5-9190-6E3FE4FA94EA} = {A412B259-3E7C-4DCA-89B3-C631E063667E}
		{685A9E49-6B33-406E-8798-7E9F586D31E2} = {A412B259-3E7C-4DCA-89B3-C631E063667E}
	EndGlobalSection
	GlobalSection(ExtensibilityGlobals) = postSolution
		SolutionGuid = {79078B73-246A-463A-8CB1-5A383015A628}
	EndGlobalSection
EndGlobal
